// !$*UTF8*$!
{
	archiveVersion = 1;
	classes = {
	};
	objectVersion = 46;
	objects = {

/* Begin PBXBuildFile section */
		55004A5D1C0EC2DB0063B612 /* main.m in Sources */ = {isa = PBXBuildFile; fileRef = 55004A5C1C0EC2DB0063B612 /* main.m */; };
		55004A601C0EC2DB0063B612 /* AppDelegate.m in Sources */ = {isa = PBXBuildFile; fileRef = 55004A5F1C0EC2DB0063B612 /* AppDelegate.m */; };
		55004A631C0EC2DB0063B612 /* ViewController.m in Sources */ = {isa = PBXBuildFile; fileRef = 55004A621C0EC2DB0063B612 /* ViewController.m */; };
		55004A661C0EC2DB0063B612 /* Main.storyboard in Resources */ = {isa = PBXBuildFile; fileRef = 55004A641C0EC2DB0063B612 /* Main.storyboard */; };
		55004A681C0EC2DB0063B612 /* Assets.xcassets in Resources */ = {isa = PBXBuildFile; fileRef = 55004A671C0EC2DB0063B612 /* Assets.xcassets */; };
		55004A6B1C0EC2DB0063B612 /* LaunchScreen.storyboard in Resources */ = {isa = PBXBuildFile; fileRef = 55004A691C0EC2DB0063B612 /* LaunchScreen.storyboard */; };
		55004A761C0EC2DB0063B612 /* FNworkspaceTests.m in Sources */ = {isa = PBXBuildFile; fileRef = 55004A751C0EC2DB0063B612 /* FNworkspaceTests.m */; };
/* End PBXBuildFile section */

/* Begin PBXContainerItemProxy section */
		55004A721C0EC2DB0063B612 /* PBXContainerItemProxy */ = {
			isa = PBXContainerItemProxy;
			containerPortal = 55004A501C0EC2DB0063B612 /* Project object */;
			proxyType = 1;
			remoteGlobalIDString = 55004A571C0EC2DB0063B612;
			remoteInfo = FNworkspace;
		};
/* End PBXContainerItemProxy section */

/* Begin PBXFileReference section */
		55004A581C0EC2DB0063B612 /* FNworkspace.app */ = {isa = PBXFileReference; explicitFileType = wrapper.application; includeInIndex = 0; path = FNworkspace.app; sourceTree = BUILT_PRODUCTS_DIR; };
		55004A5C1C0EC2DB0063B612 /* main.m */ = {isa = PBXFileReference; lastKnownFileType = sourcecode.c.objc; path = main.m; sourceTree = "<group>"; };
		55004A5E1C0EC2DB0063B612 /* AppDelegate.h */ = {isa = PBXFileReference; lastKnownFileType = sourcecode.c.h; path = AppDelegate.h; sourceTree = "<group>"; };
		55004A5F1C0EC2DB0063B612 /* AppDelegate.m */ = {isa = PBXFileReference; lastKnownFileType = sourcecode.c.objc; path = AppDelegate.m; sourceTree = "<group>"; };
		55004A611C0EC2DB0063B612 /* ViewController.h */ = {isa = PBXFileReference; lastKnownFileType = sourcecode.c.h; path = ViewController.h; sourceTree = "<group>"; };
		55004A621C0EC2DB0063B612 /* ViewController.m */ = {isa = PBXFileReference; lastKnownFileType = sourcecode.c.objc; path = ViewController.m; sourceTree = "<group>"; };
		55004A651C0EC2DB0063B612 /* Base */ = {isa = PBXFileReference; lastKnownFileType = file.storyboard; name = Base; path = Base.lproj/Main.storyboard; sourceTree = "<group>"; };
		55004A671C0EC2DB0063B612 /* Assets.xcassets */ = {isa = PBXFileReference; lastKnownFileType = folder.assetcatalog; path = Assets.xcassets; sourceTree = "<group>"; };
		55004A6A1C0EC2DB0063B612 /* Base */ = {isa = PBXFileReference; lastKnownFileType = file.storyboard; name = Base; path = Base.lproj/LaunchScreen.storyboard; sourceTree = "<group>"; };
		55004A6C1C0EC2DB0063B612 /* Info.plist */ = {isa = PBXFileReference; lastKnownFileType = text.plist.xml; path = Info.plist; sourceTree = "<group>"; };
		55004A711C0EC2DB0063B612 /* FNworkspaceTests.xctest */ = {isa = PBXFileReference; explicitFileType = wrapper.cfbundle; includeInIndex = 0; path = FNworkspaceTests.xctest; sourceTree = BUILT_PRODUCTS_DIR; };
		55004A751C0EC2DB0063B612 /* FNworkspaceTests.m */ = {isa = PBXFileReference; lastKnownFileType = sourcecode.c.objc; path = FNworkspaceTests.m; sourceTree = "<group>"; };
		55004A771C0EC2DB0063B612 /* Info.plist */ = {isa = PBXFileReference; lastKnownFileType = text.plist.xml; path = Info.plist; sourceTree = "<group>"; };
/* End PBXFileReference section */

/* Begin PBXFrameworksBuildPhase section */
		55004A551C0EC2DB0063B612 /* Frameworks */ = {
			isa = PBXFrameworksBuildPhase;
			buildActionMask = 2147483647;
			files = (
			);
			runOnlyForDeploymentPostprocessing = 0;
		};
		55004A6E1C0EC2DB0063B612 /* Frameworks */ = {
			isa = PBXFrameworksBuildPhase;
			buildActionMask = 2147483647;
			files = (
			);
			runOnlyForDeploymentPostprocessing = 0;
		};
/* End PBXFrameworksBuildPhase section */

/* Begin PBXGroup section */
		55004A4F1C0EC2DB0063B612 = {
			isa = PBXGroup;
			children = (
				55004A5A1C0EC2DB0063B612 /* FNworkspace */,
				55004A741C0EC2DB0063B612 /* FNworkspaceTests */,
				55004A591C0EC2DB0063B612 /* Products */,
			);
			sourceTree = "<group>";
		};
		55004A591C0EC2DB0063B612 /* Products */ = {
			isa = PBXGroup;
			children = (
				55004A581C0EC2DB0063B612 /* FNworkspace.app */,
				55004A711C0EC2DB0063B612 /* FNworkspaceTests.xctest */,
			);
			name = Products;
			sourceTree = "<group>";
		};
		55004A5A1C0EC2DB0063B612 /* FNworkspace */ = {
			isa = PBXGroup;
			children = (
				55004A611C0EC2DB0063B612 /* ViewController.h */,
				55004A621C0EC2DB0063B612 /* ViewController.m */,
				55004A641C0EC2DB0063B612 /* Main.storyboard */,
				55004A5B1C0EC2DB0063B612 /* Supporting Files */,
			);
			path = FNworkspace;
			sourceTree = "<group>";
		};
		55004A5B1C0EC2DB0063B612 /* Supporting Files */ = {
			isa = PBXGroup;
			children = (
				55004A5E1C0EC2DB0063B612 /* AppDelegate.h */,
				55004A5F1C0EC2DB0063B612 /* AppDelegate.m */,
				55004A671C0EC2DB0063B612 /* Assets.xcassets */,
				55004A691C0EC2DB0063B612 /* LaunchScreen.storyboard */,
				55004A6C1C0EC2DB0063B612 /* Info.plist */,
				55004A5C1C0EC2DB0063B612 /* main.m */,
			);
			name = "Supporting Files";
			sourceTree = "<group>";
		};
		55004A741C0EC2DB0063B612 /* FNworkspaceTests */ = {
			isa = PBXGroup;
			children = (
				55004A751C0EC2DB0063B612 /* FNworkspaceTests.m */,
				55004A771C0EC2DB0063B612 /* Info.plist */,
			);
			path = FNworkspaceTests;
			sourceTree = "<group>";
		};
/* End PBXGroup section */

/* Begin PBXNativeTarget section */
		55004A571C0EC2DB0063B612 /* FNworkspace */ = {
			isa = PBXNativeTarget;
			buildConfigurationList = 55004A7A1C0EC2DB0063B612 /* Build configuration list for PBXNativeTarget "FNworkspace" */;
			buildPhases = (
				55004A541C0EC2DB0063B612 /* Sources */,
				55004A551C0EC2DB0063B612 /* Frameworks */,
				55004A561C0EC2DB0063B612 /* Resources */,
			);
			buildRules = (
			);
			dependencies = (
			);
			name = FNworkspace;
			productName = FNworkspace;
			productReference = 55004A581C0EC2DB0063B612 /* FNworkspace.app */;
			productType = "com.apple.product-type.application";
		};
		55004A701C0EC2DB0063B612 /* FNworkspaceTests */ = {
			isa = PBXNativeTarget;
			buildConfigurationList = 55004A7D1C0EC2DB0063B612 /* Build configuration list for PBXNativeTarget "FNworkspaceTests" */;
			buildPhases = (
				55004A6D1C0EC2DB0063B612 /* Sources */,
				55004A6E1C0EC2DB0063B612 /* Frameworks */,
				55004A6F1C0EC2DB0063B612 /* Resources */,
			);
			buildRules = (
			);
			dependencies = (
				55004A731C0EC2DB0063B612 /* PBXTargetDependency */,
			);
			name = FNworkspaceTests;
			productName = FNworkspaceTests;
			productReference = 55004A711C0EC2DB0063B612 /* FNworkspaceTests.xctest */;
			productType = "com.apple.product-type.bundle.unit-test";
		};
/* End PBXNativeTarget section */

/* Begin PBXProject section */
		55004A501C0EC2DB0063B612 /* Project object */ = {
			isa = PBXProject;
			attributes = {
				LastUpgradeCheck = 0710;
				ORGANIZATIONNAME = DevinLai;
				TargetAttributes = {
					55004A571C0EC2DB0063B612 = {
						CreatedOnToolsVersion = 7.1.1;
					};
					55004A701C0EC2DB0063B612 = {
						CreatedOnToolsVersion = 7.1.1;
						TestTargetID = 55004A571C0EC2DB0063B612;
					};
				};
			};
			buildConfigurationList = 55004A531C0EC2DB0063B612 /* Build configuration list for PBXProject "FNworkspace" */;
			compatibilityVersion = "Xcode 3.2";
			developmentRegion = English;
			hasScannedForEncodings = 0;
			knownRegions = (
				en,
				Base,
			);
			mainGroup = 55004A4F1C0EC2DB0063B612;
			productRefGroup = 55004A591C0EC2DB0063B612 /* Products */;
			projectDirPath = "";
			projectRoot = "";
			targets = (
				55004A571C0EC2DB0063B612 /* FNworkspace */,
				55004A701C0EC2DB0063B612 /* FNworkspaceTests */,
			);
		};
/* End PBXProject section */

/* Begin PBXResourcesBuildPhase section */
		55004A561C0EC2DB0063B612 /* Resources */ = {
			isa = PBXResourcesBuildPhase;
			buildActionMask = 2147483647;
			files = (
				55004A6B1C0EC2DB0063B612 /* LaunchScreen.storyboard in Resources */,
				55004A681C0EC2DB0063B612 /* Assets.xcassets in Resources */,
				55004A661C0EC2DB0063B612 /* Main.storyboard in Resources */,
			);
			runOnlyForDeploymentPostprocessing = 0;
		};
		55004A6F1C0EC2DB0063B612 /* Resources */ = {
			isa = PBXResourcesBuildPhase;
			buildActionMask = 2147483647;
			files = (
			);
			runOnlyForDeploymentPostprocessing = 0;
		};
/* End PBXResourcesBuildPhase section */

/* Begin PBXSourcesBuildPhase section */
		55004A541C0EC2DB0063B612 /* Sources */ = {
			isa = PBXSourcesBuildPhase;
			buildActionMask = 2147483647;
			files = (
				55004A631C0EC2DB0063B612 /* ViewController.m in Sources */,
				55004A601C0EC2DB0063B612 /* AppDelegate.m in Sources */,
				55004A5D1C0EC2DB0063B612 /* main.m in Sources */,
			);
			runOnlyForDeploymentPostprocessing = 0;
		};
		55004A6D1C0EC2DB0063B612 /* Sources */ = {
			isa = PBXSourcesBuildPhase;
			buildActionMask = 2147483647;
			files = (
				55004A761C0EC2DB0063B612 /* FNworkspaceTests.m in Sources */,
			);
			runOnlyForDeploymentPostprocessing = 0;
		};
/* End PBXSourcesBuildPhase section */

/* Begin PBXTargetDependency section */
		55004A731C0EC2DB0063B612 /* PBXTargetDependency */ = {
			isa = PBXTargetDependency;
			target = 55004A571C0EC2DB0063B612 /* FNworkspace */;
			targetProxy = 55004A721C0EC2DB0063B612 /* PBXContainerItemProxy */;
		};
/* End PBXTargetDependency section */

/* Begin PBXVariantGroup section */
		55004A641C0EC2DB0063B612 /* Main.storyboard */ = {
			isa = PBXVariantGroup;
			children = (
				55004A651C0EC2DB0063B612 /* Base */,
			);
			name = Main.storyboard;
			sourceTree = "<group>";
		};
		55004A691C0EC2DB0063B612 /* LaunchScreen.storyboard */ = {
			isa = PBXVariantGroup;
			children = (
				55004A6A1C0EC2DB0063B612 /* Base */,
			);
			name = LaunchScreen.storyboard;
			sourceTree = "<group>";
		};
/* End PBXVariantGroup section */

/* Begin XCBuildConfiguration section */
		55004A781C0EC2DB0063B612 /* Debug */ = {
			isa = XCBuildConfiguration;
			buildSettings = {
				ALWAYS_SEARCH_USER_PATHS = NO;
				CLANG_CXX_LANGUAGE_STANDARD = "gnu++0x";
				CLANG_CXX_LIBRARY = "libc++";
				CLANG_ENABLE_MODULES = YES;
				CLANG_ENABLE_OBJC_ARC = YES;
				CLANG_WARN_BOOL_CONVERSION = YES;
				CLANG_WARN_CONSTANT_CONVERSION = YES;
				CLANG_WARN_DIRECT_OBJC_ISA_USAGE = YES_ERROR;
				CLANG_WARN_EMPTY_BODY = YES;
				CLANG_WARN_ENUM_CONVERSION = YES;
				CLANG_WARN_INT_CONVERSION = YES;
				CLANG_WARN_OBJC_ROOT_CLASS = YES_ERROR;
				CLANG_WARN_UNREACHABLE_CODE = YES;
				CLANG_WARN__DUPLICATE_METHOD_MATCH = YES;
				"CODE_SIGN_IDENTITY[sdk=iphoneos*]" = "iPhone Developer";
				COPY_PHASE_STRIP = NO;
				DEBUG_INFORMATION_FORMAT = dwarf;
				ENABLE_STRICT_OBJC_MSGSEND = YES;
				ENABLE_TESTABILITY = YES;
				GCC_C_LANGUAGE_STANDARD = gnu99;
				GCC_DYNAMIC_NO_PIC = NO;
				GCC_NO_COMMON_BLOCKS = YES;
				GCC_OPTIMIZATION_LEVEL = 0;
				GCC_PREPROCESSOR_DEFINITIONS = (
					"DEBUG=1",
					"$(inherited)",
				);
				GCC_WARN_64_TO_32_BIT_CONVERSION = YES;
				GCC_WARN_ABOUT_RETURN_TYPE = YES_ERROR;
				GCC_WARN_UNDECLARED_SELECTOR = YES;
				GCC_WARN_UNINITIALIZED_AUTOS = YES_AGGRESSIVE;
				GCC_WARN_UNUSED_FUNCTION = YES;
				GCC_WARN_UNUSED_VARIABLE = YES;
				IPHONEOS_DEPLOYMENT_TARGET = 9.1;
				MTL_ENABLE_DEBUG_INFO = YES;
				ONLY_ACTIVE_ARCH = YES;
				SDKROOT = iphoneos;
				TARGETED_DEVICE_FAMILY = "1,2";
			};
			name = Debug;
		};
		55004A791C0EC2DB0063B612 /* Release */ = {
			isa = XCBuildConfiguration;
			buildSettings = {
				ALWAYS_SEARCH_USER_PATHS = NO;
				CLANG_CXX_LANGUAGE_STANDARD = "gnu++0x";
				CLANG_CXX_LIBRARY = "libc++";
				CLANG_ENABLE_MODULES = YES;
				CLANG_ENABLE_OBJC_ARC = YES;
				CLANG_WARN_BOOL_CONVERSION = YES;
				CLANG_WARN_CONSTANT_CONVERSION = YES;
				CLANG_WARN_DIRECT_OBJC_ISA_USAGE = YES_ERROR;
				CLANG_WARN_EMPTY_BODY = YES;
				CLANG_WARN_ENUM_CONVERSION = YES;
				CLANG_WARN_INT_CONVERSION = YES;
				CLANG_WARN_OBJC_ROOT_CLASS = YES_ERROR;
				CLANG_WARN_UNREACHABLE_CODE = YES;
				CLANG_WARN__DUPLICATE_METHOD_MATCH = YES;
				"CODE_SIGN_IDENTITY[sdk=iphoneos*]" = "iPhone Developer";
				COPY_PHASE_STRIP = NO;
				DEBUG_INFORMATION_FORMAT = "dwarf-with-dsym";
				ENABLE_NS_ASSERTIONS = NO;
				ENABLE_STRICT_OBJC_MSGSEND = YES;
				GCC_C_LANGUAGE_STANDARD = gnu99;
				GCC_NO_COMMON_BLOCKS = YES;
				GCC_WARN_64_TO_32_BIT_CONVERSION = YES;
				GCC_WARN_ABOUT_RETURN_TYPE = YES_ERROR;
				GCC_WARN_UNDECLARED_SELECTOR = YES;
				GCC_WARN_UNINITIALIZED_AUTOS = YES_AGGRESSIVE;
				GCC_WARN_UNUSED_FUNCTION = YES;
				GCC_WARN_UNUSED_VARIABLE = YES;
				IPHONEOS_DEPLOYMENT_TARGET = 9.1;
				MTL_ENABLE_DEBUG_INFO = NO;
				SDKROOT = iphoneos;
				TARGETED_DEVICE_FAMILY = "1,2";
				VALIDATE_PRODUCT = YES;
			};
			name = Release;
		};
		55004A7B1C0EC2DB0063B612 /* Debug */ = {
			isa = XCBuildConfiguration;
			buildSettings = {
				ASSETCATALOG_COMPILER_APPICON_NAME = AppIcon;
				INFOPLIST_FILE = FNworkspace/Info.plist;
				LD_RUNPATH_SEARCH_PATHS = "$(inherited) @executable_path/Frameworks";
				PRODUCT_BUNDLE_IDENTIFIER = com.Fusionnext.FNworkspace;
				PRODUCT_NAME = "$(TARGET_NAME)";
			};
			name = Debug;
		};
		55004A7C1C0EC2DB0063B612 /* Release */ = {
			isa = XCBuildConfiguration;
			buildSettings = {
				ASSETCATALOG_COMPILER_APPICON_NAME = AppIcon;
				INFOPLIST_FILE = FNworkspace/Info.plist;
				LD_RUNPATH_SEARCH_PATHS = "$(inherited) @executable_path/Frameworks";
				PRODUCT_BUNDLE_IDENTIFIER = com.Fusionnext.FNworkspace;
				PRODUCT_NAME = "$(TARGET_NAME)";
			};
			name = Release;
		};
		55004A7E1C0EC2DB0063B612 /* Debug */ = {
			isa = XCBuildConfiguration;
			buildSettings = {
				BUNDLE_LOADER = "$(TEST_HOST)";
				INFOPLIST_FILE = FNworkspaceTests/Info.plist;
				LD_RUNPATH_SEARCH_PATHS = "$(inherited) @executable_path/Frameworks @loader_path/Frameworks";
				PRODUCT_BUNDLE_IDENTIFIER = com.Fusionnext.FNworkspaceTests;
				PRODUCT_NAME = "$(TARGET_NAME)";
				TEST_HOST = "$(BUILT_PRODUCTS_DIR)/FNworkspace.app/FNworkspace";
			};
			name = Debug;
		};
		55004A7F1C0EC2DB0063B612 /* Release */ = {
			isa = XCBuildConfiguration;
			buildSettings = {
				BUNDLE_LOADER = "$(TEST_HOST)";
				INFOPLIST_FILE = FNworkspaceTests/Info.plist;
				LD_RUNPATH_SEARCH_PATHS = "$(inherited) @executable_path/Frameworks @loader_path/Frameworks";
				PRODUCT_BUNDLE_IDENTIFIER = com.Fusionnext.FNworkspaceTests;
				PRODUCT_NAME = "$(TARGET_NAME)";
				TEST_HOST = "$(BUILT_PRODUCTS_DIR)/FNworkspace.app/FNworkspace";
			};
			name = Release;
		};
/* End XCBuildConfiguration section */

/* Begin XCConfigurationList section */
		55004A531C0EC2DB0063B612 /* Build configuration list for PBXProject "FNworkspace" */ = {
			isa = XCConfigurationList;
			buildConfigurations = (
				55004A781C0EC2DB0063B612 /* Debug */,
				55004A791C0EC2DB0063B612 /* Release */,
			);
			defaultConfigurationIsVisible = 0;
			defaultConfigurationName = Release;
		};
		55004A7A1C0EC2DB0063B612 /* Build configuration list for PBXNativeTarget "FNworkspace" */ = {
			isa = XCConfigurationList;
			buildConfigurations = (
				55004A7B1C0EC2DB0063B612 /* Debug */,
				55004A7C1C0EC2DB0063B612 /* Release */,
			);
			defaultConfigurationIsVisible = 0;
		};
		55004A7D1C0EC2DB0063B612 /* Build configuration list for PBXNativeTarget "FNworkspaceTests" */ = {
			isa = XCConfigurationList;
			buildConfigurations = (
				55004A7E1C0EC2DB0063B612 /* Debug */,
				55004A7F1C0EC2DB0063B612 /* Release */,
			);
			defaultConfigurationIsVisible = 0;
		};
/* End XCConfigurationList section */
	};
	rootObject = 55004A501C0EC2DB0063B612 /* Project object */;
}
